
Microsoft Visual Studio Solution File, Format Version 12.00
# Visual Studio Version 16
VisualStudioVersion = 16.0.31727.386
MinimumVisualStudioVersion = 10.0.40219.1
Project("{FAE04EC0-301F-11D3-BF4B-00C04F79EFBC}") = "LABA6", "LABA6\LABA6.csproj", "{7A759E4B-9BB8-49E7-86C0-112CFA81EC5A}"
EndProject
Global
	GlobalSection(SolutionConfigurationPlatforms) = preSolution
		Debug|Any CPU = Debug|Any CPU
		Release|Any CPU = Release|Any CPU
	EndGlobalSection
	GlobalSection(ProjectConfigurationPlatforms) = postSolution
		{7A759E4B-9BB8-49E7-86C0-112CFA81EC5A}.Debug|Any CPU.ActiveCfg = Debug|Any CPU
		{7A759E4B-9BB8-49E7-86C0-112CFA81EC5A}.Debug|Any CPU.Build.0 = Debug|Any CPU
		{7A759E4B-9BB8-49E7-86C0-112CFA81EC5A}.Release|Any CPU.ActiveCfg = Release|Any CPU
		{7A759E4B-9BB8-49E7-86C0-112CFA81EC5A}.Release|Any CPU.Build.0 = Release|Any CPU
	EndGlobalSection
	GlobalSection(SolutionProperties) = preSolution
		HideSolutionNode = FALSE
	EndGlobalSection
	GlobalSection(ExtensibilityGlobals) = postSolution
		SolutionGuid = {36FF4D08-8AD0-4F83-8383-2567B7FE1890}
	EndGlobalSection
EndGlobal
